
Microsoft Visual Studio Solution File, Format Version 12.00
# Visual Studio 14
VisualStudioVersion = 14.0.25420.1
MinimumVisualStudioVersion = 10.0.40219.1
Project("{FAE04EC0-301F-11D3-BF4B-00C04F79EFBC}") = "WpfApp_SimpleTextEditor", "WpfApp_SimpleTextEditor\WpfApp_SimpleTextEditor.csproj", "{E79988AB-36FF-46D0-BF09-3D1BF55CD82E}"
EndProject
Project("{FAE04EC0-301F-11D3-BF4B-00C04F79EFBC}") = "WpfAppColorShemeForUser", "WpfAppColorShemeForUser\WpfAppColorShemeForUser.csproj", "{2E9BF14B-78A3-4768-954F-4733840450EF}"
EndProject
Project("{FAE04EC0-301F-11D3-BF4B-00C04F79EFBC}") = "WpfAppRunningStatic", "WpfAppRunningStatic\WpfAppRunningStatic.csproj", "{81DC430B-4776-4067-8AE6-2339B86E59C3}"
EndProject
Global
	GlobalSection(SolutionConfigurationPlatforms) = preSolution
		Debug|Any CPU = Debug|Any CPU
		Release|Any CPU = Release|Any CPU
	EndGlobalSection
	GlobalSection(ProjectConfigurationPlatforms) = postSolution
		{E79988AB-36FF-46D0-BF09-3D1BF55CD82E}.Debug|Any CPU.ActiveCfg = Debug|Any CPU
		{E79988AB-36FF-46D0-BF09-3D1BF55CD82E}.Debug|Any CPU.Build.0 = Debug|Any CPU
		{E79988AB-36FF-46D0-BF09-3D1BF55CD82E}.Release|Any CPU.ActiveCfg = Release|Any CPU
		{E79988AB-36FF-46D0-BF09-3D1BF55CD82E}.Release|Any CPU.Build.0 = Release|Any CPU
		{2E9BF14B-78A3-4768-954F-4733840450EF}.Debug|Any CPU.ActiveCfg = Debug|Any CPU
		{2E9BF14B-78A3-4768-954F-4733840450EF}.Debug|Any CPU.Build.0 = Debug|Any CPU
		{2E9BF14B-78A3-4768-954F-4733840450EF}.Release|Any CPU.ActiveCfg = Release|Any CPU
		{2E9BF14B-78A3-4768-954F-4733840450EF}.Release|Any CPU.Build.0 = Release|Any CPU
		{81DC430B-4776-4067-8AE6-2339B86E59C3}.Debug|Any CPU.ActiveCfg = Debug|Any CPU
		{81DC430B-4776-4067-8AE6-2339B86E59C3}.Debug|Any CPU.Build.0 = Debug|Any CPU
		{81DC430B-4776-4067-8AE6-2339B86E59C3}.Release|Any CPU.ActiveCfg = Release|Any CPU
		{81DC430B-4776-4067-8AE6-2339B86E59C3}.Release|Any CPU.Build.0 = Release|Any CPU
	EndGlobalSection
	GlobalSection(SolutionProperties) = preSolution
		HideSolutionNode = FALSE
	EndGlobalSection
EndGlobal
